{
  "nodes": {
    "agent-skills": {
      "inputs": {
        "home-manager": "home-manager",
        "nixpkgs": [
          "nixpkgs"
        ]
      },
      "locked": {
        "lastModified": 1774607140,
        "narHash": "sha256-0P89BLGEzRUumWKSOEayi+Dal6mIlVumlBgcyk5Qo6s=",
        "owner": "Kyure-A",
        "repo": "agent-skills-nix",
        "rev": "e29bef0e9e56c4cc683cead15a6eda1d6fb1074e",
        "type": "github"
      },
      "original": {
        "owner": "Kyure-A",
        "repo": "agent-skills-nix",
        "type": "github"
      }
    },
    "arto": {
      "inputs": {
        "crane": "crane",
        "nixpkgs": "nixpkgs"
      },
      "locked": {
        "lastModified": 1775307040,
        "narHash": "sha256-ZF7bRDeb3K9Y5b1TtEM8+KXX9GU/n2ikAoK/xrqSJ9Q=",
        "owner": "arto-app",
        "repo": "Arto",
        "rev": "3ee147b7bd1a26cdcde3a3ca37b3465ec06fb08e",
        "type": "github"
      },
      "original": {
        "owner": "arto-app",
        "repo": "Arto",
        "type": "github"
      }
    },
    "blueprint": {
      "inputs": {
        "nixpkgs": [
          "llm-agents",
          "nixpkgs"
        ],
        "systems": [
          "llm-agents",
          "systems"
        ]
      },
      "locked": {
        "lastModified": 1771437256,
        "narHash": "sha256-bLqwib+rtyBRRVBWhMuBXPCL/OThfokA+j6+uH7jDGU=",
        "owner": "numtide",
        "repo": "blueprint",
        "rev": "06ee7190dc2620ea98af9eb225aa9627b68b0e33",
        "type": "github"
      },
      "original": {
        "owner": "numtide",
        "repo": "blueprint",
        "type": "github"
      }
    },
    "bun2nix": {
      "inputs": {
        "flake-parts": [
          "llm-agents",
          "flake-parts"
        ],
        "import-tree": "import-tree",
        "nixpkgs": [
          "llm-agents",
          "nixpkgs"
        ],
        "systems": [
          "llm-agents",
          "systems"
        ],
        "treefmt-nix": [
          "llm-agents",
          "treefmt-nix"
        ]
      },
      "locked": {
        "lastModified": 1770895533,
        "narHash": "sha256-v3QaK9ugy9bN9RXDnjw0i2OifKmz2NnKM82agtqm/UY=",
        "owner": "nix-community",
        "repo": "bun2nix",
        "rev": "c843f477b15f51151f8c6bcc886954699440a6e1",
        "type": "github"
      },
      "original": {
        "owner": "nix-community",
        "repo": "bun2nix",
        "type": "github"
      }
    },
    "cage": {
      "inputs": {
        "flake-parts": [
          "flake-parts"
        ],
        "git-hooks": [
          "git-hooks"
        ],
        "nixpkgs": [
          "nixpkgs"
        ],
        "treefmt-nix": [
          "treefmt-nix"
        ]
      },
      "locked": {
        "lastModified": 1772335827,
        "narHash": "sha256-5sbb4zXpGpNRi/7fv+Ggsgu3WRXp65O6zOnio8/0LSg=",
        "owner": "Warashi",
        "repo": "cage",
        "rev": "9105203dabbb1f5d6c21f6bbe58780e755760b9c",
        "type": "github"
      },
      "original": {
        "owner": "Warashi",
        "repo": "cage",
        "type": "github"
      }
    },
    "catppuccin": {
      "inputs": {
        "nixpkgs": "nixpkgs_2"
      },
      "locked": {
        "lastModified": 1775938181,
        "narHash": "sha256-3VRl7wTV2guWBI1kYT2OZEAMYU5nUZMo6um9UH+HYHE=",
        "owner": "catppuccin",
        "repo": "nix",
        "rev": "8d8b4fd30aecbf30eef6b1d1977670a597d29494",
        "type": "github"
      },
      "original": {
        "owner": "catppuccin",
        "repo": "nix",
        "type": "github"
      }
    },
    "crane": {
      "locked": {
        "lastModified": 1770419512,
        "narHash": "sha256-o8Vcdz6B6bkiGUYkZqFwH3Pv1JwZyXht3dMtS7RchIo=",
        "owner": "ipetkov",
        "repo": "crane",
        "rev": "2510f2cbc3ccd237f700bb213756a8f35c32d8d7",
        "type": "github"
      },
      "original": {
        "owner": "ipetkov",
        "repo": "crane",
        "type": "github"
      }
    },
    "crane_2": {
      "locked": {
        "lastModified": 1771438068,
        "narHash": "sha256-nGBbXvEZVe/egCPVPFcu89RFtd8Rf6J+4RFoVCFec0A=",
        "owner": "ipetkov",
        "repo": "crane",
        "rev": "b5090e53e9d68c523a4bb9ad42b4737ee6747597",
        "type": "github"
      },
      "original": {
        "owner": "ipetkov",
        "repo": "crane",
        "type": "github"
      }
    },
    "crane_3": {
      "locked": {
        "lastModified": 1766774972,
        "narHash": "sha256-8qxEFpj4dVmIuPn9j9z6NTbU+hrcGjBOvaxTzre5HmM=",
        "owner": "ipetkov",
        "repo": "crane",
        "rev": "01bc1d404a51a0a07e9d8759cd50a7903e218c82",
        "type": "github"
      },
      "original": {
        "owner": "ipetkov",
        "repo": "crane",
        "type": "github"
      }
    },
    "darwin": {
      "inputs": {
        "nixpkgs": [
          "nixpkgs"
        ]
      },
      "locked": {
        "lastModified": 1775037210,
        "narHash": "sha256-KM2WYj6EA7M/FVZVCl3rqWY+TFV5QzSyyGE2gQxeODU=",
        "owner": "nix-darwin",
        "repo": "nix-darwin",
        "rev": "06648f4902343228ce2de79f291dd5a58ee12146",
        "type": "github"
      },
      "original": {
        "owner": "nix-darwin",
        "repo": "nix-darwin",
        "type": "github"
      }
    },
    "devshell": {
      "inputs": {
        "nixpkgs": [
          "nixpkgs"
        ]
      },
      "locked": {
        "lastModified": 1768818222,
        "narHash": "sha256-460jc0+CZfyaO8+w8JNtlClB2n4ui1RbHfPTLkpwhU8=",
        "owner": "numtide",
        "repo": "devshell",
        "rev": "255a2b1725a20d060f566e4755dbf571bbbb5f76",
        "type": "github"
      },
      "original": {
        "owner": "numtide",
        "repo": "devshell",
        "type": "github"
      }
    },
    "devshell_2": {
      "inputs": {
        "nixpkgs": [
          "warashi-modules",
          "nixpkgs"
        ]
      },
      "locked": {
        "lastModified": 1741473158,
        "narHash": "sha256-kWNaq6wQUbUMlPgw8Y+9/9wP0F8SHkjy24/mN3UAppg=",
        "owner": "numtide",
        "repo": "devshell",
        "rev": "7c9e793ebe66bcba8292989a68c0419b737a22a0",
        "type": "github"
      },
      "original": {
        "owner": "numtide",
        "repo": "devshell",
        "type": "github"
      }
    },
    "direnv-instant": {
      "inputs": {
        "flake-parts": [
          "flake-parts"
        ],
        "nixpkgs": [
          "nixpkgs"
        ],
        "treefmt-nix": [
          "treefmt-nix"
        ]
      },
      "locked": {
        "lastModified": 1775363862,
        "narHash": "sha256-mSQv+GVmJxTlT840dXK0mrfPQvn4OJ6mAB1FQHaqQkE=",
        "owner": "Mic92",
        "repo": "direnv-instant",
        "rev": "1181e6548faa951b5c95960e34b93061c09cb21d",
        "type": "github"
      },
      "original": {
        "owner": "Mic92",
        "repo": "direnv-instant",
        "type": "github"
      }
    },
    "disko": {
      "inputs": {
        "nixpkgs": [
          "nixpkgs"
        ]
      },
      "locked": {
        "lastModified": 1773889306,
        "narHash": "sha256-PAqwnsBSI9SVC2QugvQ3xeYCB0otOwCacB1ueQj2tgw=",
        "owner": "nix-community",
        "repo": "disko",
        "rev": "5ad85c82cc52264f4beddc934ba57f3789f28347",
        "type": "github"
      },
      "original": {
        "owner": "nix-community",
        "repo": "disko",
        "type": "github"
      }
    },
    "emacs-overlay": {
      "inputs": {
        "nixpkgs": [
          "nixpkgs"
        ],
        "nixpkgs-stable": "nixpkgs-stable"
      },
      "locked": {
        "lastModified": 1775925499,
        "narHash": "sha256-yDiy4gqHJyHe4gliPyNabgXTJKXfddKr91MENiAJ22k=",
        "owner": "nix-community",
        "repo": "emacs-overlay",
        "rev": "d620f2831e367850fb9310849db3049587151ad1",
        "type": "github"
      },
      "original": {
        "owner": "nix-community",
        "repo": "emacs-overlay",
        "type": "github"
      }
    },
    "fcitx5-hazkey": {
      "inputs": {
        "nixpkgs": "nixpkgs_3",
        "nixpkgs-for-swift": "nixpkgs-for-swift"
      },
      "locked": {
        "lastModified": 1735350685,
        "narHash": "sha256-F0RoTYVk6Rv38IxjiF+d29p8XLLAiRXVR8XBBNz3lz8=",
        "owner": "Warashi",
        "repo": "nix-fcitx5-hazkey",
        "rev": "4a5af5f20fd80467fffa8abf5274f4d26b3437be",
        "type": "github"
      },
      "original": {
        "owner": "Warashi",
        "repo": "nix-fcitx5-hazkey",
        "type": "github"
      }
    },
    "flake-compat": {
      "locked": {
        "lastModified": 1761588595,
        "narHash": "sha256-XKUZz9zewJNUj46b4AJdiRZJAvSZ0Dqj2BNfXvFlJC4=",
        "owner": "edolstra",
        "repo": "flake-compat",
        "rev": "f387cd2afec9419c8ee37694406ca490c3f34ee5",
        "type": "github"
      },
      "original": {
        "owner": "edolstra",
        "repo": "flake-compat",
        "type": "github"
      }
    },
    "flake-compat_2": {
      "flake": false,
      "locked": {
        "lastModified": 1696426674,
        "narHash": "sha256-kvjfFW7WAETZlt09AgDn1MrtKzP7t90Vf7vypd3OL1U=",
        "owner": "edolstra",
        "repo": "flake-compat",
        "rev": "0f9255e01c2351cc7d116c072cb317785dd33b33",
        "type": "github"
      },
      "original": {
        "owner": "edolstra",
        "repo": "flake-compat",
        "type": "github"
      }
    },
    "flake-parts": {
      "inputs": {
        "nixpkgs-lib": "nixpkgs-lib"
      },
      "locked": {
        "lastModified": 1775087534,
        "narHash": "sha256-91qqW8lhL7TLwgQWijoGBbiD4t7/q75KTi8NxjVmSmA=",
        "owner": "hercules-ci",
        "repo": "flake-parts",
        "rev": "3107b77cd68437b9a76194f0f7f9c55f2329ca5b",
        "type": "github"
      },
      "original": {
        "owner": "hercules-ci",
        "repo": "flake-parts",
        "type": "github"
      }
    },
    "flake-parts_2": {
      "inputs": {
        "nixpkgs-lib": [
          "llm-agents",
          "nixpkgs"
        ]
      },
      "locked": {
        "lastModified": 1775087534,
        "narHash": "sha256-91qqW8lhL7TLwgQWijoGBbiD4t7/q75KTi8NxjVmSmA=",
        "owner": "hercules-ci",
        "repo": "flake-parts",
        "rev": "3107b77cd68437b9a76194f0f7f9c55f2329ca5b",
        "type": "github"
      },
      "original": {
        "owner": "hercules-ci",
        "repo": "flake-parts",
        "type": "github"
      }
    },
    "flake-parts_3": {
      "inputs": {
        "nixpkgs-lib": "nixpkgs-lib_2"
      },
      "locked": {
        "lastModified": 1775087534,
        "narHash": "sha256-91qqW8lhL7TLwgQWijoGBbiD4t7/q75KTi8NxjVmSmA=",
        "owner": "hercules-ci",
        "repo": "flake-parts",
        "rev": "3107b77cd68437b9a76194f0f7f9c55f2329ca5b",
        "type": "github"
      },
      "original": {
        "owner": "hercules-ci",
        "repo": "flake-parts",
        "type": "github"
      }
    },
    "flake-parts_4": {
      "inputs": {
        "nixpkgs-lib": "nixpkgs-lib_4"
      },
      "locked": {
        "lastModified": 1765835352,
        "narHash": "sha256-XswHlK/Qtjasvhd1nOa1e8MgZ8GS//jBoTqWtrS1Giw=",
        "owner": "hercules-ci",
        "repo": "flake-parts",
        "rev": "a34fae9c08a15ad73f295041fec82323541400a9",
        "type": "github"
      },
      "original": {
        "owner": "hercules-ci",
        "repo": "flake-parts",
        "type": "github"
      }
    },
    "flake-utils": {
      "inputs": {
        "systems": "systems_2"
      },
      "locked": {
        "lastModified": 1731533236,
        "narHash": "sha256-l0KFg5HjrsfsO/JpG+r7fRrqm12kzFHyUHqHCVpMMbI=",
        "owner": "numtide",
        "repo": "flake-utils",
        "rev": "11707dc2f618dd54ca8739b309ec4fc024de578b",
        "type": "github"
      },
      "original": {
        "owner": "numtide",
        "repo": "flake-utils",
        "type": "github"
      }
    },
    "gh-secrets-manager": {
      "inputs": {
        "flake-parts": [
          "flake-parts"
        ],
        "git-hooks": [
          "git-hooks"
        ],
        "nixpkgs": [
          "nixpkgs"
        ],
        "treefmt-nix": [
          "treefmt-nix"
        ]
      },
      "locked": {
        "lastModified": 1772335800,
        "narHash": "sha256-vlG4yDIDcBBn4HdvC8wSE+0gJtXCnsOB0rAspwiwHdM=",
        "owner": "Warashi",
        "repo": "gh-secrets-manager",
        "rev": "553fff6f10f67088237db367b5ab0a0ee0991c0d",
        "type": "github"
      },
      "original": {
        "owner": "Warashi",
        "repo": "gh-secrets-manager",
        "type": "github"
      }
    },
    "git-hooks": {
      "inputs": {
        "flake-compat": [],
        "gitignore": [],
        "nixpkgs": [
          "nixpkgs"
        ]
      },
      "locked": {
        "lastModified": 1775585728,
        "narHash": "sha256-8Psjt+TWvE4thRKktJsXfR6PA/fWWsZ04DVaY6PUhr4=",
        "owner": "cachix",
        "repo": "git-hooks.nix",
        "rev": "580633fa3fe5fc0379905986543fd7495481913d",
        "type": "github"
      },
      "original": {
        "owner": "cachix",
        "repo": "git-hooks.nix",
        "type": "github"
      }
    },
    "git-mile": {
      "inputs": {
        "crane": "crane_2",
        "devshell": [
          "devshell"
        ],
        "flake-parts": [
          "flake-parts"
        ],
        "git-hooks": [
          "git-hooks"
        ],
        "nixpkgs": [
          "nixpkgs"
        ],
        "rust-overlay": "rust-overlay",
        "treefmt-nix": [
          "treefmt-nix"
        ]
      },
      "locked": {
        "lastModified": 1771532947,
        "narHash": "sha256-+5/ryN0t5M2/qerAyH7ga9OmvK3NTSARm5AMiQL5lys=",
        "owner": "Warashi",
        "repo": "git-mile",
        "rev": "cf20b2cff4af109e4b3054c70f878c2f59e79c8d",
        "type": "github"
      },
      "original": {
        "owner": "Warashi",
        "repo": "git-mile",
        "type": "github"
      }
    },
    "gitignore": {
      "inputs": {
        "nixpkgs": [
          "warashi-modules",
          "nixpkgs"
        ]
      },
      "locked": {
        "lastModified": 1709087332,
        "narHash": "sha256-HG2cCnktfHsKV0s4XW83gU3F57gaTljL9KNSuG6bnQs=",
        "owner": "hercules-ci",
        "repo": "gitignore.nix",
        "rev": "637db329424fd7e46cf4185293b9cc8c88c95394",
        "type": "github"
      },
      "original": {
        "owner": "hercules-ci",
        "repo": "gitignore.nix",
        "type": "github"
      }
    },
    "home-manager": {
      "inputs": {
        "nixpkgs": [
          "agent-skills",
          "nixpkgs"
        ]
      },
      "locked": {
        "lastModified": 1773608492,
        "narHash": "sha256-QZteyExJYSQzgxqdsesDPbQgjctGG7iKV/6ooyQPITk=",
        "owner": "nix-community",
        "repo": "home-manager",
        "rev": "9a40ec3b78fc688d0908485887d355caa5666d18",
        "type": "github"
      },
      "original": {
        "owner": "nix-community",
        "repo": "home-manager",
        "type": "github"
      }
    },
    "home-manager_2": {
      "inputs": {
        "nixpkgs": [
          "nixpkgs"
        ]
      },
      "locked": {
        "lastModified": 1775900011,
        "narHash": "sha256-QUGu6CJYFQ5AWVV0n3/FsJyV+1/gj7HSDx68/SX9pwM=",
        "owner": "nix-community",
        "repo": "home-manager",
        "rev": "b0569dc6ec1e6e7fefd8f6897184e4c191cd768e",
        "type": "github"
      },
      "original": {
        "owner": "nix-community",
        "repo": "home-manager",
        "type": "github"
      }
    },
    "import-tree": {
      "locked": {
        "lastModified": 1763762820,
        "narHash": "sha256-ZvYKbFib3AEwiNMLsejb/CWs/OL/srFQ8AogkebEPF0=",
        "owner": "vic",
        "repo": "import-tree",
        "rev": "3c23749d8013ec6daa1d7255057590e9ca726646",
        "type": "github"
      },
      "original": {
        "owner": "vic",
        "repo": "import-tree",
        "type": "github"
      }
    },
    "import-tree_2": {
      "locked": {
        "lastModified": 1773693634,
        "narHash": "sha256-BtZ2dtkBdSUnFPPFc+n0kcMbgaTxzFNPv2iaO326Ffg=",
        "owner": "vic",
        "repo": "import-tree",
        "rev": "c41e7d58045f9057880b0d85e1152d6a4430dbf1",
        "type": "github"
      },
      "original": {
        "owner": "vic",
        "repo": "import-tree",
        "type": "github"
      }
    },
    "llm-agents": {
      "inputs": {
        "blueprint": "blueprint",
        "bun2nix": "bun2nix",
        "flake-parts": "flake-parts_2",
        "nixpkgs": "nixpkgs_4",
        "systems": "systems",
        "treefmt-nix": [
          "treefmt-nix"
        ]
      },
      "locked": {
        "lastModified": 1775934219,
        "narHash": "sha256-AR6Hm6rwVRvF3ORRlFD2k0251D3Bul+mmkGMic97fqQ=",
        "owner": "numtide",
        "repo": "llm-agents.nix",
        "rev": "7867b4f8040bd7faa84ded4331e3196561e729aa",
        "type": "github"
      },
      "original": {
        "owner": "numtide",
        "repo": "llm-agents.nix",
        "type": "github"
      }
    },
    "mcp-servers-nix": {
      "inputs": {
        "nixpkgs": [
          "nixpkgs"
        ]
      },
      "locked": {
        "lastModified": 1775901136,
        "narHash": "sha256-5J+54o9YDgAeY1iYuSN7kVt0cTB90x4zO5whqdPg3Tw=",
        "owner": "natsukium",
        "repo": "mcp-servers-nix",
        "rev": "59335c80be7b719df7b6e6473f14424b1e6647df",
        "type": "github"
      },
      "original": {
        "owner": "natsukium",
        "repo": "mcp-servers-nix",
        "type": "github"
      }
    },
    "muscat": {
      "inputs": {
        "flake-parts": [
          "flake-parts"
        ],
        "git-hooks": [
          "git-hooks"
        ],
        "nixpkgs": [
          "nixpkgs"
        ],
        "treefmt-nix": [
          "treefmt-nix"
        ]
      },
      "locked": {
        "lastModified": 1772335820,
        "narHash": "sha256-a9mxTIWXgZOHqHjp1m8Jet2R4IYOIPZm2B4lsjXyoNA=",
        "owner": "Warashi",
        "repo": "muscat",
        "rev": "81391148c6f7e25966dee47a11351849f9f11dd4",
        "type": "github"
      },
      "original": {
        "owner": "Warashi",
        "repo": "muscat",
        "type": "github"
      }
    },
    "neovim-nightly-overlay": {
      "inputs": {
        "flake-parts": [
          "flake-parts"
        ],
        "neovim-src": [
          "neovim-src"
        ],
        "nixpkgs": [
          "nixpkgs"
        ]
      },
      "locked": {
        "lastModified": 1775865888,
        "narHash": "sha256-im6eWkpc8l8sRnv+uHcxGtUi4cE/rsete9Mo6GBpwqU=",
        "owner": "nix-community",
        "repo": "neovim-nightly-overlay",
        "rev": "da590e86c5019cc3a853f0003b44aef8950b5620",
        "type": "github"
      },
      "original": {
        "owner": "nix-community",
        "repo": "neovim-nightly-overlay",
        "type": "github"
      }
    },
    "neovim-src": {
      "flake": false,
      "locked": {
        "lastModified": 1775949028,
        "narHash": "sha256-JXrr9lxKfTIm/VW4jvaB1RU9r+7pAoaXeDsy24TGPiw=",
        "owner": "neovim",
        "repo": "neovim",
        "rev": "4a289bfce3e71bf00d1eced168a6a7bbb270b95b",
        "type": "github"
      },
      "original": {
        "owner": "neovim",
        "repo": "neovim",
        "type": "github"
      }
    },
    "nix-darwin": {
      "inputs": {
        "nixpkgs": [
          "paneru",
          "nixpkgs"
        ]
      },
      "locked": {
        "lastModified": 1775037210,
        "narHash": "sha256-KM2WYj6EA7M/FVZVCl3rqWY+TFV5QzSyyGE2gQxeODU=",
        "owner": "LnL7",
        "repo": "nix-darwin",
        "rev": "06648f4902343228ce2de79f291dd5a58ee12146",
        "type": "github"
      },
      "original": {
        "owner": "LnL7",
        "repo": "nix-darwin",
        "type": "github"
      }
    },
    "nix-flatpak": {
      "locked": {
        "lastModified": 1767983141,
        "narHash": "sha256-7ZCulYUD9RmJIDULTRkGLSW1faMpDlPKcbWJLYHoXcs=",
        "owner": "gmodena",
        "repo": "nix-flatpak",
        "rev": "440818969ac2cbd77bfe025e884d0aa528991374",
        "type": "github"
      },
      "original": {
        "owner": "gmodena",
        "ref": "latest",
        "repo": "nix-flatpak",
        "type": "github"
      }
    },
    "nix-index-database": {
      "inputs": {
        "nixpkgs": [
          "nixpkgs"
        ]
      },
      "locked": {
        "lastModified": 1775365369,
        "narHash": "sha256-DgH5mveLoau20CuTnaU5RXZWgFQWn56onQ4Du2CqYoI=",
        "owner": "nix-community",
        "repo": "nix-index-database",
        "rev": "cef5cf82671e749ac87d69aadecbb75967e6f6c3",
        "type": "github"
      },
      "original": {
        "owner": "nix-community",
        "repo": "nix-index-database",
        "type": "github"
      }
    },
    "nixlib": {
      "locked": {
        "lastModified": 1736643958,
        "narHash": "sha256-tmpqTSWVRJVhpvfSN9KXBvKEXplrwKnSZNAoNPf/S/s=",
        "owner": "nix-community",
        "repo": "nixpkgs.lib",
        "rev": "1418bc28a52126761c02dd3d89b2d8ca0f521181",
        "type": "github"
      },
      "original": {
        "owner": "nix-community",
        "repo": "nixpkgs.lib",
        "type": "github"
      }
    },
    "nixos-facter-modules": {
      "locked": {
        "lastModified": 1773858690,
        "narHash": "sha256-oW0/lC0oRG5H5LaK6Rmh9L1wmkn9TbenM4bXwnIEDKA=",
        "owner": "numtide",
        "repo": "nixos-facter-modules",
        "rev": "139dcef4dfc97009629c445806f197883351ab4a",
        "type": "github"
      },
      "original": {
        "owner": "numtide",
        "repo": "nixos-facter-modules",
        "type": "github"
      }
    },
    "nixos-generators": {
      "inputs": {
        "nixlib": "nixlib",
        "nixpkgs": [
          "nixos-lima",
          "nixpkgs"
        ]
      },
      "locked": {
        "lastModified": 1769813415,
        "narHash": "sha256-nnVmNNKBi1YiBNPhKclNYDORoHkuKipoz7EtVnXO50A=",
        "owner": "nix-community",
        "repo": "nixos-generators",
        "rev": "8946737ff703382fda7623b9fab071d037e897d5",
        "type": "github"
      },
      "original": {
        "owner": "nix-community",
        "repo": "nixos-generators",
        "type": "github"
      }
    },
    "nixos-hardware": {
      "locked": {
        "lastModified": 1775490113,
        "narHash": "sha256-2ZBhDNZZwYkRmefK5XLOusCJHnoeKkoN95hoSGgMxWM=",
        "owner": "NixOS",
        "repo": "nixos-hardware",
        "rev": "c775c2772ba56e906cbeb4e0b2db19079ef11ff7",
        "type": "github"
      },
      "original": {
        "owner": "NixOS",
        "repo": "nixos-hardware",
        "type": "github"
      }
    },
    "nixos-lima": {
      "inputs": {
        "flake-utils": "flake-utils",
        "nixos-generators": "nixos-generators",
        "nixpkgs": [
          "nixpkgs"
        ]
      },
      "locked": {
        "lastModified": 1775948528,
        "narHash": "sha256-WzNsnjV8pUpHrtqhHwmZUta/Fmc9yL4k0RadOc5TnjA=",
        "owner": "nixos-lima",
        "repo": "nixos-lima",
        "rev": "ffe6ab8855e2f167b5c17a8d9fc53fd9cc4192b6",
        "type": "github"
      },
      "original": {
        "owner": "nixos-lima",
        "repo": "nixos-lima",
        "type": "github"
      }
    },
    "nixpkgs": {
      "locked": {
        "lastModified": 1770169770,
        "narHash": "sha256-awR8qIwJxJJiOmcEGgP2KUqYmHG4v/z8XpL9z8FnT1A=",
        "owner": "NixOS",
        "repo": "nixpkgs",
        "rev": "aa290c9891fa4ebe88f8889e59633d20cc06a5f2",
        "type": "github"
      },
      "original": {
        "owner": "NixOS",
        "ref": "nixpkgs-unstable",
        "repo": "nixpkgs",
        "type": "github"
      }
    },
    "nixpkgs-for-swift": {
      "locked": {
        "lastModified": 1720542800,
        "narHash": "sha256-ZgnNHuKV6h2+fQ5LuqnUaqZey1Lqqt5dTUAiAnqH0QQ=",
        "owner": "nixos",
        "repo": "nixpkgs",
        "rev": "feb2849fdeb70028c70d73b848214b00d324a497",
        "type": "github"
      },
      "original": {
        "owner": "nixos",
        "repo": "nixpkgs",
        "rev": "feb2849fdeb70028c70d73b848214b00d324a497",
        "type": "github"
      }
    },
    "nixpkgs-lib": {
      "locked": {
        "lastModified": 1774748309,
        "narHash": "sha256-+U7gF3qxzwD5TZuANzZPeJTZRHS29OFQgkQ2kiTJBIQ=",
        "owner": "nix-community",
        "repo": "nixpkgs.lib",
        "rev": "333c4e0545a6da976206c74db8773a1645b5870a",
        "type": "github"
      },
      "original": {
        "owner": "nix-community",
        "repo": "nixpkgs.lib",
        "type": "github"
      }
    },
    "nixpkgs-lib_2": {
      "locked": {
        "lastModified": 1774748309,
        "narHash": "sha256-+U7gF3qxzwD5TZuANzZPeJTZRHS29OFQgkQ2kiTJBIQ=",
        "owner": "nix-community",
        "repo": "nixpkgs.lib",
        "rev": "333c4e0545a6da976206c74db8773a1645b5870a",
        "type": "github"
      },
      "original": {
        "owner": "nix-community",
        "repo": "nixpkgs.lib",
        "type": "github"
      }
    },
    "nixpkgs-lib_3": {
      "locked": {
        "lastModified": 1754788789,
        "narHash": "sha256-x2rJ+Ovzq0sCMpgfgGaaqgBSwY+LST+WbZ6TytnT9Rk=",
        "owner": "nix-community",
        "repo": "nixpkgs.lib",
        "rev": "a73b9c743612e4244d865a2fdee11865283c04e6",
        "type": "github"
      },
      "original": {
        "owner": "nix-community",
        "repo": "nixpkgs.lib",
        "type": "github"
      }
    },
    "nixpkgs-lib_4": {
      "locked": {
        "lastModified": 1765674936,
        "narHash": "sha256-k00uTP4JNfmejrCLJOwdObYC9jHRrr/5M/a/8L2EIdo=",
        "owner": "nix-community",
        "repo": "nixpkgs.lib",
        "rev": "2075416fcb47225d9b68ac469a5c4801a9c4dd85",
        "type": "github"
      },
      "original": {
        "owner": "nix-community",
        "repo": "nixpkgs.lib",
        "type": "github"
      }
    },
    "nixpkgs-stable": {
      "locked": {
        "lastModified": 1775811116,
        "narHash": "sha256-t+HZK42pB6N+i5RGbuy7Xluez/VvWbembBdvzsc23Ss=",
        "owner": "NixOS",
        "repo": "nixpkgs",
        "rev": "54170c54449ea4d6725efd30d719c5e505f1c10e",
        "type": "github"
      },
      "original": {
        "owner": "NixOS",
        "ref": "nixos-25.11",
        "repo": "nixpkgs",
        "type": "github"
      }
    },
    "nixpkgs_2": {
      "locked": {
        "lastModified": 1775423009,
        "narHash": "sha256-vPKLpjhIVWdDrfiUM8atW6YkIggCEKdSAlJPzzhkQlw=",
        "owner": "NixOS",
        "repo": "nixpkgs",
        "rev": "68d8aa3d661f0e6bd5862291b5bb263b2a6595c9",
        "type": "github"
      },
      "original": {
        "owner": "NixOS",
        "ref": "nixos-unstable",
        "repo": "nixpkgs",
        "type": "github"
      }
    },
    "nixpkgs_3": {
      "locked": {
        "lastModified": 1735291276,
        "narHash": "sha256-NYVcA06+blsLG6wpAbSPTCyLvxD/92Hy4vlY9WxFI1M=",
        "owner": "nixos",
        "repo": "nixpkgs",
        "rev": "634fd46801442d760e09493a794c4f15db2d0cbb",
        "type": "github"
      },
      "original": {
        "owner": "nixos",
        "ref": "nixos-unstable",
        "repo": "nixpkgs",
        "type": "github"
      }
    },
    "nixpkgs_4": {
      "locked": {
        "lastModified": 1775823930,
        "narHash": "sha256-ALT447J7FcxP/97J01A/gp/hgdO5lXRsm+zLMt+gIjc=",
        "owner": "NixOS",
        "repo": "nixpkgs",
        "rev": "8c11f88bb9573a10a7d6bf87161ef08455ac70b9",
        "type": "github"
      },
      "original": {
        "owner": "NixOS",
        "ref": "nixpkgs-unstable",
        "repo": "nixpkgs",
        "type": "github"
      }
    },
    "nixpkgs_5": {
      "locked": {
        "lastModified": 1775888245,
        "narHash": "sha256-nwASzrRDD1JBEu/o8ekKYEXm/oJW6EMCzCRdrwcLe90=",
        "owner": "NixOS",
        "repo": "nixpkgs",
        "rev": "13043924aaa7375ce482ebe2494338e058282925",
        "type": "github"
      },
      "original": {
        "owner": "NixOS",
        "ref": "nixpkgs-unstable",
        "repo": "nixpkgs",
        "type": "github"
      }
    },
    "paneru": {
      "inputs": {
        "flake-parts": "flake-parts_3",
        "import-tree": "import-tree_2",
        "nix-darwin": "nix-darwin",
        "nixpkgs": [
          "nixpkgs"
        ]
      },
      "locked": {
        "lastModified": 1775905489,
        "narHash": "sha256-7Z6AI4JyQrwL7EFlvXvN8eU9W7Sk3vPyVr6GMxvLkKc=",
        "owner": "karinushka",
        "repo": "paneru",
        "rev": "1bd7d595a1b25d40b6ebb7022f8dd3a752067153",
        "type": "github"
      },
      "original": {
        "owner": "karinushka",
        "repo": "paneru",
        "type": "github"
      }
    },
    "root": {
      "inputs": {
        "agent-skills": "agent-skills",
        "arto": "arto",
        "cage": "cage",
        "catppuccin": "catppuccin",
        "darwin": "darwin",
        "devshell": "devshell",
        "direnv-instant": "direnv-instant",
        "disko": "disko",
        "emacs-overlay": "emacs-overlay",
        "fcitx5-hazkey": "fcitx5-hazkey",
        "flake-parts": "flake-parts",
        "gh-secrets-manager": "gh-secrets-manager",
        "git-hooks": "git-hooks",
        "git-mile": "git-mile",
        "home-manager": "home-manager_2",
        "llm-agents": "llm-agents",
        "mcp-servers-nix": "mcp-servers-nix",
        "muscat": "muscat",
        "neovim-nightly-overlay": "neovim-nightly-overlay",
        "neovim-src": "neovim-src",
        "nix-flatpak": "nix-flatpak",
        "nix-index-database": "nix-index-database",
        "nixos-facter-modules": "nixos-facter-modules",
        "nixos-hardware": "nixos-hardware",
        "nixos-lima": "nixos-lima",
        "nixpkgs": "nixpkgs_5",
        "paneru": "paneru",
        "sops-nix": "sops-nix",
        "treefmt-nix": "treefmt-nix",
        "vhs-mcp": "vhs-mcp",
        "warashi-modules": "warashi-modules",
        "warashi-nur-packages": "warashi-nur-packages",
        "xremap-flake": "xremap-flake",
        "zig-overlay": "zig-overlay",
        "zls": "zls"
      }
    },
    "rust-overlay": {
      "inputs": {
        "nixpkgs": [
          "git-mile",
          "nixpkgs"
        ]
      },
      "locked": {
        "lastModified": 1771470520,
        "narHash": "sha256-PvytHcaYN5cPUll7FB70mXv1rRsIBRmu47fFfq3haxA=",
        "owner": "oxalica",
        "repo": "rust-overlay",
        "rev": "a1d4cc1f264c45d3745af0d2ca5e59d460e58777",
        "type": "github"
      },
      "original": {
        "owner": "oxalica",
        "repo": "rust-overlay",
        "type": "github"
      }
    },
    "sops-nix": {
      "inputs": {
        "nixpkgs": [
          "nixpkgs"
        ]
      },
      "locked": {
        "lastModified": 1775682595,
        "narHash": "sha256-0E9PohY/VuESLq0LR4doaH7hTag513sDDW5n5qmHd1Q=",
        "owner": "Mic92",
        "repo": "sops-nix",
        "rev": "d2e8438d5886e92bc5e7c40c035ab6cae0c41f76",
        "type": "github"
      },
      "original": {
        "owner": "Mic92",
        "repo": "sops-nix",
        "type": "github"
      }
    },
    "systems": {
      "locked": {
        "lastModified": 1681028828,
        "narHash": "sha256-Vy1rq5AaRuLzOxct8nz4T6wlgyUR7zLU309k9mBC768=",
        "owner": "nix-systems",
        "repo": "default",
        "rev": "da67096a3b9bf56a91d16901293e51ba5b49a27e",
        "type": "github"
      },
      "original": {
        "owner": "nix-systems",
        "repo": "default",
        "type": "github"
      }
    },
    "systems_2": {
      "locked": {
        "lastModified": 1681028828,
        "narHash": "sha256-Vy1rq5AaRuLzOxct8nz4T6wlgyUR7zLU309k9mBC768=",
        "owner": "nix-systems",
        "repo": "default",
        "rev": "da67096a3b9bf56a91d16901293e51ba5b49a27e",
        "type": "github"
      },
      "original": {
        "owner": "nix-systems",
        "repo": "default",
        "type": "github"
      }
    },
    "systems_3": {
      "locked": {
        "lastModified": 1681028828,
        "narHash": "sha256-Vy1rq5AaRuLzOxct8nz4T6wlgyUR7zLU309k9mBC768=",
        "owner": "nix-systems",
        "repo": "default",
        "rev": "da67096a3b9bf56a91d16901293e51ba5b49a27e",
        "type": "github"
      },
      "original": {
        "owner": "nix-systems",
        "repo": "default",
        "type": "github"
      }
    },
    "systems_4": {
      "flake": false,
      "locked": {
        "lastModified": 1681028828,
        "narHash": "sha256-Vy1rq5AaRuLzOxct8nz4T6wlgyUR7zLU309k9mBC768=",
        "owner": "nix-systems",
        "repo": "default",
        "rev": "da67096a3b9bf56a91d16901293e51ba5b49a27e",
        "type": "github"
      },
      "original": {
        "owner": "nix-systems",
        "repo": "default",
        "type": "github"
      }
    },
    "treefmt-nix": {
      "inputs": {
        "nixpkgs": [
          "nixpkgs"
        ]
      },
      "locked": {
        "lastModified": 1775636079,
        "narHash": "sha256-pc20NRoMdiar8oPQceQT47UUZMBTiMdUuWrYu2obUP0=",
        "owner": "numtide",
        "repo": "treefmt-nix",
        "rev": "790751ff7fd3801feeaf96d7dc416a8d581265ba",
        "type": "github"
      },
      "original": {
        "owner": "numtide",
        "repo": "treefmt-nix",
        "type": "github"
      }
    },
    "vhs-mcp": {
      "inputs": {
        "flake-parts": [
          "flake-parts"
        ],
        "git-hooks": [
          "git-hooks"
        ],
        "nixpkgs": [
          "nixpkgs"
        ],
        "treefmt-nix": [
          "treefmt-nix"
        ]
      },
      "locked": {
        "lastModified": 1772483398,
        "narHash": "sha256-wCYboMagEnYU/RXnvNlipS8mRMYR8JIOuOi3eafcMEI=",
        "owner": "Warashi",
        "repo": "vhs-mcp",
        "rev": "d7227cd3183a4fc86f97383923103640b8f0bb39",
        "type": "github"
      },
      "original": {
        "owner": "Warashi",
        "repo": "vhs-mcp",
        "type": "github"
      }
    },
    "warashi-modules": {
      "inputs": {
        "devshell": "devshell_2",
        "flake-compat": "flake-compat",
        "flake-parts": [
          "flake-parts"
        ],
        "git-hooks": [
          "git-hooks"
        ],
        "gitignore": "gitignore",
        "home-manager": [
          "home-manager"
        ],
        "nixpkgs": [
          "nixpkgs"
        ],
        "nixpkgs-lib": "nixpkgs-lib_3",
        "systems": "systems_3",
        "treefmt-nix": [
          "treefmt-nix"
        ]
      },
      "locked": {
        "lastModified": 1767222775,
        "narHash": "sha256-7dp+bdBXM95FYtBvQVg0BRt2ZtEGPbec2qe59bBcrAg=",
        "owner": "Warashi",
        "repo": "nix-modules",
        "rev": "a7fce8c82975e851ab69da2f194137b50ab55821",
        "type": "github"
      },
      "original": {
        "owner": "Warashi",
        "repo": "nix-modules",
        "type": "github"
      }
    },
    "warashi-nur-packages": {
      "inputs": {
        "nixpkgs": [
          "nixpkgs"
        ]
      },
      "locked": {
        "lastModified": 1772329052,
        "narHash": "sha256-l+UQBXhbul6qdxfyn/9fW8nUMU84xz5xN0p+rX7SD8Q=",
        "owner": "Warashi",
        "repo": "nur-packages",
        "rev": "bab18540f8fdfb54b9eff77983e8dc5ed99c110f",
        "type": "github"
      },
      "original": {
        "owner": "Warashi",
        "repo": "nur-packages",
        "type": "github"
      }
    },
    "xremap": {
      "flake": false,
      "locked": {
        "lastModified": 1775133010,
        "narHash": "sha256-8IryQGSAxIVQiGGiY3trDvvJ50c19LHP4KvIa3P0zII=",
        "owner": "k0kubun",
        "repo": "xremap",
        "rev": "b259225a266f17a874294a010227ca8a3b76b0eb",
        "type": "github"
      },
      "original": {
        "owner": "k0kubun",
        "ref": "v0.15.0",
        "repo": "xremap",
        "type": "github"
      }
    },
    "xremap-flake": {
      "inputs": {
        "crane": "crane_3",
        "flake-parts": "flake-parts_4",
        "nixpkgs": [
          "nixpkgs"
        ],
        "xremap": "xremap"
      },
      "locked": {
        "lastModified": 1775535490,
        "narHash": "sha256-aWJVyp0Fg2MdXuNkJUbDplDc3M6+WWpwh/9/M5IJfWM=",
        "owner": "xremap",
        "repo": "nix-flake",
        "rev": "a990d0ae4f8a0f751423947259154bbdbd693cd2",
        "type": "github"
      },
      "original": {
        "owner": "xremap",
        "repo": "nix-flake",
        "type": "github"
      }
    },
    "zig-overlay": {
      "inputs": {
        "flake-compat": "flake-compat_2",
        "nixpkgs": [
          "nixpkgs"
        ],
        "systems": "systems_4"
      },
      "locked": {
        "lastModified": 1775868617,
        "narHash": "sha256-lqxZ1Ucx8FZZfN2sWPhDen+dkyboPbHSgqL7Sz2FDTY=",
        "owner": "mitchellh",
        "repo": "zig-overlay",
        "rev": "c0919f41591eb0d590536b79037e1304c0d2c982",
        "type": "github"
      },
      "original": {
        "owner": "mitchellh",
        "repo": "zig-overlay",
        "type": "github"
      }
    },
    "zls": {
      "inputs": {
        "nixpkgs": [
          "nixpkgs"
        ],
        "zig-overlay": [
          "zig-overlay"
        ]
      },
      "locked": {
        "lastModified": 1775758040,
        "narHash": "sha256-WLZ29RftCp0MI2n2qu5LUWKqmFPm2Ljv5IQlPpu+fXQ=",
        "owner": "zigtools",
        "repo": "zls",
        "rev": "f391142ce2ab0ed97276b30fc9ac20342f877c51",
        "type": "github"
      },
      "original": {
        "owner": "zigtools",
        "repo": "zls",
        "type": "github"
      }
    }
  },
  "root": "root",
  "version": 7
}
